# This file is automatically @generated by Cargo.
# It is not intended for manual editing.
version = 3

[[package]]
name = "autocfg"
version = "1.0.1"
source = "registry+https://github.com/rust-lang/crates.io-index"
checksum = "cdb031dd78e28731d87d56cc8ffef4a8f36ca26c38fe2de700543e627f8a464a"

[[package]]
name = "bit_field"
version = "0.9.0"
source = "registry+https://github.com/rust-lang/crates.io-index"
checksum = "ed8765909f9009617974ab6b7d332625b320b33c326b1e9321382ef1999b5d56"

[[package]]
name = "bitflags"
version = "1.2.1"
source = "registry+https://github.com/rust-lang/crates.io-index"
checksum = "cf1de2fe8c75bc145a2f577add951f8134889b4795d47466a54a5c846d691693"

[[package]]
name = "cfg-if"
version = "1.0.0"
source = "registry+https://github.com/rust-lang/crates.io-index"
checksum = "baf1de4339761588bc0619e3cbc0120ee582ebb74b53b4efbf79117bd2da40fd"

[[package]]
name = "cooked-waker"
version = "5.0.0"
source = "registry+https://github.com/rust-lang/crates.io-index"
checksum = "147be55d677052dabc6b22252d5dd0fd4c29c8c27aa4f2fbef0f94aa003b406f"

[[package]]
name = "cortex-a"
version = "5.1.6"
source = "registry+https://github.com/rust-lang/crates.io-index"
checksum = "ecefc30975eb87afc5a810d4b2305c0ec29e607ea97e51b2ecd80766e9268d28"
dependencies = [
 "register",
]

[[package]]
name = "cpuio"
version = "0.3.0"
source = "registry+https://github.com/rust-lang/crates.io-index"
checksum = "d531514efb06912141fa65967447de805691b685a7565c87d1765afe34a98aa7"

[[package]]
name = "crossbeam"
version = "0.8.1"
source = "registry+https://github.com/rust-lang/crates.io-index"
checksum = "4ae5588f6b3c3cb05239e90bd110f257254aecd01e4635400391aeae07497845"
dependencies = [
 "cfg-if",
 "crossbeam-epoch",
 "crossbeam-queue",
 "crossbeam-utils",
]

[[package]]
name = "crossbeam-epoch"
version = "0.9.5"
source = "registry+https://github.com/rust-lang/crates.io-index"
checksum = "4ec02e091aa634e2c3ada4a392989e7c3116673ef0ac5b72232439094d73b7fd"
dependencies = [
 "cfg-if",
 "crossbeam-utils",
 "memoffset",
 "scopeguard",
]

[[package]]
name = "crossbeam-queue"
version = "0.3.2"
source = "registry+https://github.com/rust-lang/crates.io-index"
checksum = "9b10ddc024425c88c2ad148c1b0fd53f4c6d38db9697c9f1588381212fa657c9"
dependencies = [
 "cfg-if",
 "crossbeam-utils",
]

[[package]]
name = "crossbeam-utils"
version = "0.8.5"
source = "registry+https://github.com/rust-lang/crates.io-index"
checksum = "d82cfc11ce7f2c3faef78d8a684447b40d503d9681acebed6cb728d45940c4db"
dependencies = [
 "cfg-if",
]

[[package]]
name = "futures"
version = "0.3.16"
source = "registry+https://github.com/rust-lang/crates.io-index"
checksum = "1adc00f486adfc9ce99f77d717836f0c5aa84965eb0b4f051f4e83f7cab53f8b"
dependencies = [
 "futures-channel",
 "futures-core",
 "futures-io",
 "futures-sink",
 "futures-task",
 "futures-util",
]

[[package]]
name = "futures-channel"
version = "0.3.16"
source = "registry+https://github.com/rust-lang/crates.io-index"
checksum = "74ed2411805f6e4e3d9bc904c95d5d423b89b3b25dc0250aa74729de20629ff9"
dependencies = [
 "futures-core",
 "futures-sink",
]

[[package]]
name = "futures-core"
version = "0.3.16"
source = "registry+https://github.com/rust-lang/crates.io-index"
checksum = "af51b1b4a7fdff033703db39de8802c673eb91855f2e0d47dcf3bf2c0ef01f99"

[[package]]
name = "futures-io"
version = "0.3.16"
source = "registry+https://github.com/rust-lang/crates.io-index"
checksum = "0b0e06c393068f3a6ef246c75cdca793d6a46347e75286933e5e75fd2fd11582"

[[package]]
name = "futures-sink"
version = "0.3.16"
source = "registry+https://github.com/rust-lang/crates.io-index"
checksum = "c0f30aaa67363d119812743aa5f33c201a7a66329f97d1a887022971feea4b53"

[[package]]
name = "futures-task"
version = "0.3.16"
source = "registry+https://github.com/rust-lang/crates.io-index"
checksum = "bbe54a98670017f3be909561f6ad13e810d9a51f3f061b902062ca3da80799f2"

[[package]]
name = "futures-util"
version = "0.3.16"
source = "registry+https://github.com/rust-lang/crates.io-index"
checksum = "67eb846bfd58e44a8481a00049e82c43e0ccb5d61f8dc071057cb19249dd4d78"
dependencies = [
 "autocfg",
 "futures-core",
 "futures-sink",
 "futures-task",
 "pin-project-lite",
 "pin-utils",
]

[[package]]
name = "lazy_static"
version = "1.4.0"
source = "registry+https://github.com/rust-lang/crates.io-index"
checksum = "e2abad23fbc42b3700f2f279844dc832adb2b2eb069b2df918f455c4e18cc646"
dependencies = [
 "spin 0.5.2",
]

[[package]]
name = "memoffset"
version = "0.6.4"
source = "registry+https://github.com/rust-lang/crates.io-index"
checksum = "59accc507f1338036a0477ef61afdae33cde60840f4dfe481319ce3ad116ddf9"
dependencies = [
 "autocfg",
]

[[package]]
name = "multiboot2"
version = "0.10.1"
source = "registry+https://github.com/rust-lang/crates.io-index"
checksum = "13e9fc890ff2ef2ded9084c964b950da1bc9e26d480e446ae721607b899db1fd"
dependencies = [
 "bitflags",
]

[[package]]
name = "pc-keyboard"
version = "0.5.1"
source = "registry+https://github.com/rust-lang/crates.io-index"
checksum = "5c6f2d937e3b8d63449b01401e2bae4041bc9dd1129c2e3e0d239407cf6635ac"

[[package]]
name = "pic8259_simple"
version = "0.2.0"
source = "registry+https://github.com/rust-lang/crates.io-index"
checksum = "af2a5497fb8e59bf8015f67b7dff238d75ef445e03f23edac24ac3a8f09be952"
dependencies = [
 "cpuio",
]

[[package]]
name = "pin-project-lite"
version = "0.2.7"
source = "registry+https://github.com/rust-lang/crates.io-index"
checksum = "8d31d11c69a6b52a174b42bdc0c30e5e11670f90788b2c471c31c1d17d449443"

[[package]]
name = "pin-utils"
version = "0.1.0"
source = "registry+https://github.com/rust-lang/crates.io-index"
checksum = "8b870d8c151b6f2fb93e84a13146138f05d02ed11c7e7c54f8826aaaf7c9f184"

[[package]]
name = "register"
version = "1.0.2"
source = "registry+https://github.com/rust-lang/crates.io-index"
checksum = "f4a247de29ab7cc8f5006cfe775c4a81c704f9914c5e2a79696862e643135433"
dependencies = [
 "tock-registers",
]

[[package]]
name = "scopeguard"
version = "1.1.0"
source = "registry+https://github.com/rust-lang/crates.io-index"
checksum = "d29ab0c6d3fc0ee92fe66e2d99f700eab17a8d57d1c1d3b748380fb20baa78cd"

[[package]]
name = "smallvec"
version = "1.6.1"
source = "registry+https://github.com/rust-lang/crates.io-index"
checksum = "fe0f37c9e8f3c5a4a66ad655a93c74daac4ad00c441533bf5c6e7990bb42604e"

[[package]]
name = "spin"
version = "0.5.2"
source = "registry+https://github.com/rust-lang/crates.io-index"
checksum = "6e63cff320ae2c57904679ba7cb63280a3dc4613885beafb148ee7bf9aa9042d"

[[package]]
name = "spin"
version = "0.7.1"
source = "registry+https://github.com/rust-lang/crates.io-index"
checksum = "13287b4da9d1207a4f4929ac390916d64eacfe236a487e9a9f5b3be392be5162"

[[package]]
name = "tkern"
version = "0.1.0"
dependencies = [
 "bitflags",
 "cooked-waker",
 "cortex-a",
 "crossbeam",
 "futures",
 "lazy_static",
 "multiboot2",
 "pc-keyboard",
 "pic8259_simple",
 "pin-project-lite",
 "smallvec",
 "spin 0.7.1",
 "volatile",
 "x86_64",
]

[[package]]
name = "tock-registers"
version = "0.6.0"
source = "registry+https://github.com/rust-lang/crates.io-index"
checksum = "f521a79accce68c417c9c77ce22108056b626126da1932f7e2e9b5bbffee0cea"

[[package]]
name = "volatile"
version = "0.3.0"
source = "registry+https://github.com/rust-lang/crates.io-index"
checksum = "f8e76fae08f03f96e166d2dfda232190638c10e0383841252416f9cfe2ae60e6"

[[package]]
name = "x86_64"
version = "0.13.6"
source = "registry+https://github.com/rust-lang/crates.io-index"
checksum = "021b49a4cb0a0d9490265cc169ca816014cbf61d3f3b75424815912977b81871"
dependencies = [
 "bit_field",
 "bitflags",
]
